// !$*UTF8*$!
{
	archiveVersion = 1;
	classes = {
	};
	objectVersion = 56;
	objects = {

/* Begin PBXBuildFile section */
		BB1233C32AA4EEA4009E9BAC /* SearchPresenter.swift in Sources */ = {isa = PBXBuildFile; fileRef = BB1233C22AA4EEA4009E9BAC /* SearchPresenter.swift */; };
		BB1233C52AA4EEBE009E9BAC /* SearchInteractor.swift in Sources */ = {isa = PBXBuildFile; fileRef = BB1233C42AA4EEBE009E9BAC /* SearchInteractor.swift */; };
		BB1233C72AA4F24B009E9BAC /* SearchView.swift in Sources */ = {isa = PBXBuildFile; fileRef = BB1233C62AA4F24B009E9BAC /* SearchView.swift */; };
		BB1233C92AA4FDE9009E9BAC /* SearchRouter.swift in Sources */ = {isa = PBXBuildFile; fileRef = BB1233C82AA4FDE9009E9BAC /* SearchRouter.swift */; };
		BB30D7042AA1C2F2003D3F96 /* GameListView.swift in Sources */ = {isa = PBXBuildFile; fileRef = BB30D7032AA1C2F1003D3F96 /* GameListView.swift */; };
		BB30D7062AA1C308003D3F96 /* GameListPresenter.swift in Sources */ = {isa = PBXBuildFile; fileRef = BB30D7052AA1C308003D3F96 /* GameListPresenter.swift */; };
		BB30D7082AA23404003D3F96 /* GameListRouter.swift in Sources */ = {isa = PBXBuildFile; fileRef = BB30D7072AA23403003D3F96 /* GameListRouter.swift */; };
		BB30D70C2AA23448003D3F96 /* DetailView.swift in Sources */ = {isa = PBXBuildFile; fileRef = BB30D70B2AA23448003D3F96 /* DetailView.swift */; };
		BB30D70E2AA2346C003D3F96 /* DetailPresenter.swift in Sources */ = {isa = PBXBuildFile; fileRef = BB30D70D2AA2346C003D3F96 /* DetailPresenter.swift */; };
		BB30D7102AA23787003D3F96 /* GameDetailResponse.swift in Sources */ = {isa = PBXBuildFile; fileRef = BB30D70F2AA23787003D3F96 /* GameDetailResponse.swift */; };
		BB30D7122AA23A21003D3F96 /* GameDetailModel.swift in Sources */ = {isa = PBXBuildFile; fileRef = BB30D7112AA23A21003D3F96 /* GameDetailModel.swift */; };
		BB30D7142AA23D72003D3F96 /* DetailInteractor.swift in Sources */ = {isa = PBXBuildFile; fileRef = BB30D7132AA23D72003D3F96 /* DetailInteractor.swift */; };
		BB30D7172AA2E053003D3F96 /* Realm in Frameworks */ = {isa = PBXBuildFile; productRef = BB30D7162AA2E053003D3F96 /* Realm */; };
		BB30D7192AA2E053003D3F96 /* RealmSwift in Frameworks */ = {isa = PBXBuildFile; productRef = BB30D7182AA2E053003D3F96 /* RealmSwift */; };
		BB30D71D2AA2E0C7003D3F96 /* LocalDataSource.swift in Sources */ = {isa = PBXBuildFile; fileRef = BB30D71C2AA2E0C7003D3F96 /* LocalDataSource.swift */; };
		BB30D71F2AA2E15C003D3F96 /* GameEntity.swift in Sources */ = {isa = PBXBuildFile; fileRef = BB30D71E2AA2E15C003D3F96 /* GameEntity.swift */; };
		BB30D7212AA2F265003D3F96 /* GameTableModel.swift in Sources */ = {isa = PBXBuildFile; fileRef = BB30D7202AA2F265003D3F96 /* GameTableModel.swift */; };
		BB30D7272AA31503003D3F96 /* FavoritePresenter.swift in Sources */ = {isa = PBXBuildFile; fileRef = BB30D7262AA31503003D3F96 /* FavoritePresenter.swift */; };
		BB30D7292AA31532003D3F96 /* FavoriteInteractor.swift in Sources */ = {isa = PBXBuildFile; fileRef = BB30D7282AA31532003D3F96 /* FavoriteInteractor.swift */; };
		BB30D72B2AA316E2003D3F96 /* FavoriteRouter.swift in Sources */ = {isa = PBXBuildFile; fileRef = BB30D72A2AA316E2003D3F96 /* FavoriteRouter.swift */; };
		BB30D72D2AA31707003D3F96 /* FavoriteView.swift in Sources */ = {isa = PBXBuildFile; fileRef = BB30D72C2AA31707003D3F96 /* FavoriteView.swift */; };
		BB30D7322AA319B8003D3F96 /* AboutView.swift in Sources */ = {isa = PBXBuildFile; fileRef = BB30D7312AA319B7003D3F96 /* AboutView.swift */; };
		BB30D7342AA35453003D3F96 /* CategorySectionRowItem.swift in Sources */ = {isa = PBXBuildFile; fileRef = BB30D7332AA35453003D3F96 /* CategorySectionRowItem.swift */; };
		BB30D7392AA355C3003D3F96 /* SplashScreenView.swift in Sources */ = {isa = PBXBuildFile; fileRef = BB30D7382AA355C3003D3F96 /* SplashScreenView.swift */; };
		BB30D73B2AA35E44003D3F96 /* GameHeaderItem.swift in Sources */ = {isa = PBXBuildFile; fileRef = BB30D73A2AA35E44003D3F96 /* GameHeaderItem.swift */; };
		BB4C8B4D2AA0384500FECB04 /* LubionGameApp.swift in Sources */ = {isa = PBXBuildFile; fileRef = BB4C8B4C2AA0384500FECB04 /* LubionGameApp.swift */; };
		BB4C8B4F2AA0384500FECB04 /* ContentView.swift in Sources */ = {isa = PBXBuildFile; fileRef = BB4C8B4E2AA0384500FECB04 /* ContentView.swift */; };
		BB4C8B512AA0384800FECB04 /* Assets.xcassets in Resources */ = {isa = PBXBuildFile; fileRef = BB4C8B502AA0384800FECB04 /* Assets.xcassets */; };
		BB4C8B542AA0384800FECB04 /* Preview Assets.xcassets in Resources */ = {isa = PBXBuildFile; fileRef = BB4C8B532AA0384800FECB04 /* Preview Assets.xcassets */; };
		BB4C8B652AA03AAA00FECB04 /* CustomException+Ext.swift in Sources */ = {isa = PBXBuildFile; fileRef = BB4C8B642AA03AAA00FECB04 /* CustomException+Ext.swift */; };
		BB4C8B6A2AA03D2F00FECB04 /* GameListResponse.swift in Sources */ = {isa = PBXBuildFile; fileRef = BB4C8B692AA03D2F00FECB04 /* GameListResponse.swift */; };
		BB4C8B6C2AA03DEC00FECB04 /* RemoteDataSource.swift in Sources */ = {isa = PBXBuildFile; fileRef = BB4C8B6B2AA03DEC00FECB04 /* RemoteDataSource.swift */; };
		BB4C8B6F2AA03E1B00FECB04 /* Alamofire in Frameworks */ = {isa = PBXBuildFile; productRef = BB4C8B6E2AA03E1B00FECB04 /* Alamofire */; };
		BB4C8B732AA041E900FECB04 /* GameRepository.swift in Sources */ = {isa = PBXBuildFile; fileRef = BB4C8B722AA041E900FECB04 /* GameRepository.swift */; };
		BB4C8B752AA0420500FECB04 /* GameMapper.swift in Sources */ = {isa = PBXBuildFile; fileRef = BB4C8B742AA0420500FECB04 /* GameMapper.swift */; };
		BB4C8B772AA0423A00FECB04 /* GameListModel.swift in Sources */ = {isa = PBXBuildFile; fileRef = BB4C8B762AA0423A00FECB04 /* GameListModel.swift */; };
		BB4C8B792AA04B6900FECB04 /* HomeInteractor.swift in Sources */ = {isa = PBXBuildFile; fileRef = BB4C8B782AA04B6900FECB04 /* HomeInteractor.swift */; };
		BB4C8B7E2AA04C0B00FECB04 /* HomeView.swift in Sources */ = {isa = PBXBuildFile; fileRef = BB4C8B7D2AA04C0B00FECB04 /* HomeView.swift */; };
		BB4C8B822AA04D9500FECB04 /* Injection.swift in Sources */ = {isa = PBXBuildFile; fileRef = BB4C8B812AA04D9500FECB04 /* Injection.swift */; };
		BB67764A2AA441B500B47475 /* LoadingView.swift in Sources */ = {isa = PBXBuildFile; fileRef = BB6776492AA441B500B47475 /* LoadingView.swift */; };
		BB67764D2AA442E200B47475 /* EmptyDataView.swift in Sources */ = {isa = PBXBuildFile; fileRef = BB67764C2AA442E200B47475 /* EmptyDataView.swift */; };
		BBBAE1CC2AA188F000C65E0B /* TopSectionRowItem.swift in Sources */ = {isa = PBXBuildFile; fileRef = BBBAE1CB2AA188F000C65E0B /* TopSectionRowItem.swift */; };
		BBE973392AAF7601005CCB96 /* Detail in Frameworks */ = {isa = PBXBuildFile; productRef = BBE973382AAF7601005CCB96 /* Detail */; };
		BBF19EEF2AAE38FC00454CD4 /* Common in Frameworks */ = {isa = PBXBuildFile; productRef = BBF19EEE2AAE38FC00454CD4 /* Common */; };
		BBF19EF12AAE38FC00454CD4 /* Core in Frameworks */ = {isa = PBXBuildFile; productRef = BBF19EF02AAE38FC00454CD4 /* Core */; };
		BBF19EF32AAE38FC00454CD4 /* GameList in Frameworks */ = {isa = PBXBuildFile; productRef = BBF19EF22AAE38FC00454CD4 /* GameList */; };
/* End PBXBuildFile section */

/* Begin PBXFileReference section */
		BB1233C22AA4EEA4009E9BAC /* SearchPresenter.swift */ = {isa = PBXFileReference; lastKnownFileType = sourcecode.swift; path = SearchPresenter.swift; sourceTree = "<group>"; };
		BB1233C42AA4EEBE009E9BAC /* SearchInteractor.swift */ = {isa = PBXFileReference; lastKnownFileType = sourcecode.swift; path = SearchInteractor.swift; sourceTree = "<group>"; };
		BB1233C62AA4F24B009E9BAC /* SearchView.swift */ = {isa = PBXFileReference; lastKnownFileType = sourcecode.swift; path = SearchView.swift; sourceTree = "<group>"; };
		BB1233C82AA4FDE9009E9BAC /* SearchRouter.swift */ = {isa = PBXFileReference; lastKnownFileType = sourcecode.swift; path = SearchRouter.swift; sourceTree = "<group>"; };
		BB30D7032AA1C2F1003D3F96 /* GameListView.swift */ = {isa = PBXFileReference; lastKnownFileType = sourcecode.swift; path = GameListView.swift; sourceTree = "<group>"; };
		BB30D7052AA1C308003D3F96 /* GameListPresenter.swift */ = {isa = PBXFileReference; lastKnownFileType = sourcecode.swift; path = GameListPresenter.swift; sourceTree = "<group>"; };
		BB30D7072AA23403003D3F96 /* GameListRouter.swift */ = {isa = PBXFileReference; lastKnownFileType = sourcecode.swift; path = GameListRouter.swift; sourceTree = "<group>"; };
		BB30D70B2AA23448003D3F96 /* DetailView.swift */ = {isa = PBXFileReference; lastKnownFileType = sourcecode.swift; path = DetailView.swift; sourceTree = "<group>"; };
		BB30D70D2AA2346C003D3F96 /* DetailPresenter.swift */ = {isa = PBXFileReference; lastKnownFileType = sourcecode.swift; path = DetailPresenter.swift; sourceTree = "<group>"; };
		BB30D70F2AA23787003D3F96 /* GameDetailResponse.swift */ = {isa = PBXFileReference; lastKnownFileType = sourcecode.swift; path = GameDetailResponse.swift; sourceTree = "<group>"; };
		BB30D7112AA23A21003D3F96 /* GameDetailModel.swift */ = {isa = PBXFileReference; lastKnownFileType = sourcecode.swift; path = GameDetailModel.swift; sourceTree = "<group>"; };
		BB30D7132AA23D72003D3F96 /* DetailInteractor.swift */ = {isa = PBXFileReference; lastKnownFileType = sourcecode.swift; path = DetailInteractor.swift; sourceTree = "<group>"; };
		BB30D71C2AA2E0C7003D3F96 /* LocalDataSource.swift */ = {isa = PBXFileReference; lastKnownFileType = sourcecode.swift; path = LocalDataSource.swift; sourceTree = "<group>"; };
		BB30D71E2AA2E15C003D3F96 /* GameEntity.swift */ = {isa = PBXFileReference; lastKnownFileType = sourcecode.swift; path = GameEntity.swift; sourceTree = "<group>"; };
		BB30D7202AA2F265003D3F96 /* GameTableModel.swift */ = {isa = PBXFileReference; lastKnownFileType = sourcecode.swift; path = GameTableModel.swift; sourceTree = "<group>"; };
		BB30D7262AA31503003D3F96 /* FavoritePresenter.swift */ = {isa = PBXFileReference; lastKnownFileType = sourcecode.swift; path = FavoritePresenter.swift; sourceTree = "<group>"; };
		BB30D7282AA31532003D3F96 /* FavoriteInteractor.swift */ = {isa = PBXFileReference; lastKnownFileType = sourcecode.swift; path = FavoriteInteractor.swift; sourceTree = "<group>"; };
		BB30D72A2AA316E2003D3F96 /* FavoriteRouter.swift */ = {isa = PBXFileReference; lastKnownFileType = sourcecode.swift; path = FavoriteRouter.swift; sourceTree = "<group>"; };
		BB30D72C2AA31707003D3F96 /* FavoriteView.swift */ = {isa = PBXFileReference; lastKnownFileType = sourcecode.swift; path = FavoriteView.swift; sourceTree = "<group>"; };
		BB30D7312AA319B7003D3F96 /* AboutView.swift */ = {isa = PBXFileReference; lastKnownFileType = sourcecode.swift; path = AboutView.swift; sourceTree = "<group>"; };
		BB30D7332AA35453003D3F96 /* CategorySectionRowItem.swift */ = {isa = PBXFileReference; lastKnownFileType = sourcecode.swift; path = CategorySectionRowItem.swift; sourceTree = "<group>"; };
		BB30D7352AA3552F003D3F96 /* Info.plist */ = {isa = PBXFileReference; lastKnownFileType = text.plist; path = Info.plist; sourceTree = "<group>"; };
		BB30D7382AA355C3003D3F96 /* SplashScreenView.swift */ = {isa = PBXFileReference; lastKnownFileType = sourcecode.swift; path = SplashScreenView.swift; sourceTree = "<group>"; };
		BB30D73A2AA35E44003D3F96 /* GameHeaderItem.swift */ = {isa = PBXFileReference; lastKnownFileType = sourcecode.swift; path = GameHeaderItem.swift; sourceTree = "<group>"; };
		BB4C8B492AA0384500FECB04 /* LubionGame.app */ = {isa = PBXFileReference; explicitFileType = wrapper.application; includeInIndex = 0; path = LubionGame.app; sourceTree = BUILT_PRODUCTS_DIR; };
		BB4C8B4C2AA0384500FECB04 /* LubionGameApp.swift */ = {isa = PBXFileReference; lastKnownFileType = sourcecode.swift; path = LubionGameApp.swift; sourceTree = "<group>"; };
		BB4C8B4E2AA0384500FECB04 /* ContentView.swift */ = {isa = PBXFileReference; lastKnownFileType = sourcecode.swift; path = ContentView.swift; sourceTree = "<group>"; };
		BB4C8B502AA0384800FECB04 /* Assets.xcassets */ = {isa = PBXFileReference; lastKnownFileType = folder.assetcatalog; path = Assets.xcassets; sourceTree = "<group>"; };
		BB4C8B532AA0384800FECB04 /* Preview Assets.xcassets */ = {isa = PBXFileReference; lastKnownFileType = folder.assetcatalog; path = "Preview Assets.xcassets"; sourceTree = "<group>"; };
		BB4C8B642AA03AAA00FECB04 /* CustomException+Ext.swift */ = {isa = PBXFileReference; lastKnownFileType = sourcecode.swift; path = "CustomException+Ext.swift"; sourceTree = "<group>"; };
		BB4C8B692AA03D2F00FECB04 /* GameListResponse.swift */ = {isa = PBXFileReference; lastKnownFileType = sourcecode.swift; path = GameListResponse.swift; sourceTree = "<group>"; };
		BB4C8B6B2AA03DEC00FECB04 /* RemoteDataSource.swift */ = {isa = PBXFileReference; lastKnownFileType = sourcecode.swift; path = RemoteDataSource.swift; sourceTree = "<group>"; };
		BB4C8B722AA041E900FECB04 /* GameRepository.swift */ = {isa = PBXFileReference; lastKnownFileType = sourcecode.swift; path = GameRepository.swift; sourceTree = "<group>"; };
		BB4C8B742AA0420500FECB04 /* GameMapper.swift */ = {isa = PBXFileReference; lastKnownFileType = sourcecode.swift; path = GameMapper.swift; sourceTree = "<group>"; };
		BB4C8B762AA0423A00FECB04 /* GameListModel.swift */ = {isa = PBXFileReference; lastKnownFileType = sourcecode.swift; path = GameListModel.swift; sourceTree = "<group>"; };
		BB4C8B782AA04B6900FECB04 /* HomeInteractor.swift */ = {isa = PBXFileReference; lastKnownFileType = sourcecode.swift; path = HomeInteractor.swift; sourceTree = "<group>"; };
		BB4C8B7D2AA04C0B00FECB04 /* HomeView.swift */ = {isa = PBXFileReference; lastKnownFileType = sourcecode.swift; path = HomeView.swift; sourceTree = "<group>"; };
		BB4C8B812AA04D9500FECB04 /* Injection.swift */ = {isa = PBXFileReference; lastKnownFileType = sourcecode.swift; path = Injection.swift; sourceTree = "<group>"; };
		BB6776492AA441B500B47475 /* LoadingView.swift */ = {isa = PBXFileReference; lastKnownFileType = sourcecode.swift; path = LoadingView.swift; sourceTree = "<group>"; };
		BB67764C2AA442E200B47475 /* EmptyDataView.swift */ = {isa = PBXFileReference; lastKnownFileType = sourcecode.swift; path = EmptyDataView.swift; sourceTree = "<group>"; };
		BBBAE1CB2AA188F000C65E0B /* TopSectionRowItem.swift */ = {isa = PBXFileReference; lastKnownFileType = sourcecode.swift; path = TopSectionRowItem.swift; sourceTree = "<group>"; };
		BBF19EE72AACDF8300454CD4 /* Common */ = {isa = PBXFileReference; lastKnownFileType = wrapper; name = Common; path = Modules/Common; sourceTree = "<group>"; };
		BBF19EE82AACDFAD00454CD4 /* Search */ = {isa = PBXFileReference; lastKnownFileType = wrapper; name = Search; path = Modules/Search; sourceTree = "<group>"; };
		BBF19EE92AACDFFB00454CD4 /* GameList */ = {isa = PBXFileReference; lastKnownFileType = wrapper; name = GameList; path = Modules/GameList; sourceTree = "<group>"; };
		BBF19EEA2AACE00A00454CD4 /* Favorite */ = {isa = PBXFileReference; lastKnownFileType = wrapper; name = Favorite; path = Modules/Favorite; sourceTree = "<group>"; };
		BBF19EEB2AACE01500454CD4 /* Detail */ = {isa = PBXFileReference; lastKnownFileType = wrapper; name = Detail; path = Modules/Detail; sourceTree = "<group>"; };
		BBF19EEC2AACE11C00454CD4 /* Core */ = {isa = PBXFileReference; lastKnownFileType = wrapper; name = Core; path = Modules/Core; sourceTree = "<group>"; };
/* End PBXFileReference section */

/* Begin PBXFrameworksBuildPhase section */
		BB4C8B462AA0384500FECB04 /* Frameworks */ = {
			isa = PBXFrameworksBuildPhase;
			buildActionMask = 2147483647;
			files = (
				BB30D7192AA2E053003D3F96 /* RealmSwift in Frameworks */,
				BB30D7172AA2E053003D3F96 /* Realm in Frameworks */,
				BBF19EF32AAE38FC00454CD4 /* GameList in Frameworks */,
				BB4C8B6F2AA03E1B00FECB04 /* Alamofire in Frameworks */,
				BBF19EF12AAE38FC00454CD4 /* Core in Frameworks */,
				BBF19EEF2AAE38FC00454CD4 /* Common in Frameworks */,
				BBE973392AAF7601005CCB96 /* Detail in Frameworks */,
			);
			runOnlyForDeploymentPostprocessing = 0;
		};
/* End PBXFrameworksBuildPhase section */

/* Begin PBXGroup section */
		BB30D6FF2AA1C2BA003D3F96 /* GameList */ = {
			isa = PBXGroup;
			children = (
				BB30D7022AA1C2E1003D3F96 /* Presenter */,
				BB30D7012AA1C2DC003D3F96 /* Router */,
				BB30D7002AA1C2CF003D3F96 /* View */,
			);
			path = GameList;
			sourceTree = "<group>";
		};
		BB30D7002AA1C2CF003D3F96 /* View */ = {
			isa = PBXGroup;
			children = (
				BB67764B2AA4420900B47475 /* Components */,
				BB30D7032AA1C2F1003D3F96 /* GameListView.swift */,
			);
			path = View;
			sourceTree = "<group>";
		};
		BB30D7012AA1C2DC003D3F96 /* Router */ = {
			isa = PBXGroup;
			children = (
				BB30D7072AA23403003D3F96 /* GameListRouter.swift */,
			);
			path = Router;
			sourceTree = "<group>";
		};
		BB30D7022AA1C2E1003D3F96 /* Presenter */ = {
			isa = PBXGroup;
			children = (
				BB30D7052AA1C308003D3F96 /* GameListPresenter.swift */,
			);
			path = Presenter;
			sourceTree = "<group>";
		};
		BB30D7092AA23412003D3F96 /* View */ = {
			isa = PBXGroup;
			children = (
				BB30D70B2AA23448003D3F96 /* DetailView.swift */,
			);
			path = View;
			sourceTree = "<group>";
		};
		BB30D70A2AA23418003D3F96 /* Presenter */ = {
			isa = PBXGroup;
			children = (
				BB30D70D2AA2346C003D3F96 /* DetailPresenter.swift */,
			);
			path = Presenter;
			sourceTree = "<group>";
		};
		BB30D71A2AA2E0AE003D3F96 /* Local */ = {
			isa = PBXGroup;
			children = (
				BB30D71B2AA2E0B7003D3F96 /* Entity */,
				BB30D71C2AA2E0C7003D3F96 /* LocalDataSource.swift */,
			);
			path = Local;
			sourceTree = "<group>";
		};
		BB30D71B2AA2E0B7003D3F96 /* Entity */ = {
			isa = PBXGroup;
			children = (
				BB30D71E2AA2E15C003D3F96 /* GameEntity.swift */,
			);
			path = Entity;
			sourceTree = "<group>";
		};
		BB30D7222AA313B9003D3F96 /* Favorite */ = {
			isa = PBXGroup;
			children = (
				BB30D7252AA313CA003D3F96 /* View */,
				BB30D7242AA313C7003D3F96 /* Route */,
				BB30D7232AA313C2003D3F96 /* Presenter */,
			);
			path = Favorite;
			sourceTree = "<group>";
		};
		BB30D7232AA313C2003D3F96 /* Presenter */ = {
			isa = PBXGroup;
			children = (
				BB30D7262AA31503003D3F96 /* FavoritePresenter.swift */,
			);
			path = Presenter;
			sourceTree = "<group>";
		};
		BB30D7242AA313C7003D3F96 /* Route */ = {
			isa = PBXGroup;
			children = (
				BB30D72A2AA316E2003D3F96 /* FavoriteRouter.swift */,
			);
			path = Route;
			sourceTree = "<group>";
		};
		BB30D7252AA313CA003D3F96 /* View */ = {
			isa = PBXGroup;
			children = (
				BB30D72C2AA31707003D3F96 /* FavoriteView.swift */,
			);
			path = View;
			sourceTree = "<group>";
		};
		BB30D72F2AA319A9003D3F96 /* About */ = {
			isa = PBXGroup;
			children = (
				BB30D7302AA319AE003D3F96 /* View */,
			);
			path = About;
			sourceTree = "<group>";
		};
		BB30D7302AA319AE003D3F96 /* View */ = {
			isa = PBXGroup;
			children = (
				BB30D7312AA319B7003D3F96 /* AboutView.swift */,
			);
			path = View;
			sourceTree = "<group>";
		};
		BB30D7362AA355AF003D3F96 /* SplashScreen */ = {
			isa = PBXGroup;
			children = (
				BB30D7372AA355B5003D3F96 /* View */,
			);
			path = SplashScreen;
			sourceTree = "<group>";
		};
		BB30D7372AA355B5003D3F96 /* View */ = {
			isa = PBXGroup;
			children = (
				BB30D7382AA355C3003D3F96 /* SplashScreenView.swift */,
			);
			path = View;
			sourceTree = "<group>";
		};
		BB30D73C2AA36B65003D3F96 /* Search */ = {
			isa = PBXGroup;
			children = (
				BB30D73F2AA36B73003D3F96 /* Presenter */,
				BB30D73E2AA36B6F003D3F96 /* Router */,
				BB30D73D2AA36B6B003D3F96 /* View */,
			);
			path = Search;
			sourceTree = "<group>";
		};
		BB30D73D2AA36B6B003D3F96 /* View */ = {
			isa = PBXGroup;
			children = (
				BB1233C62AA4F24B009E9BAC /* SearchView.swift */,
			);
			path = View;
			sourceTree = "<group>";
		};
		BB30D73E2AA36B6F003D3F96 /* Router */ = {
			isa = PBXGroup;
			children = (
				BB1233C82AA4FDE9009E9BAC /* SearchRouter.swift */,
			);
			path = Router;
			sourceTree = "<group>";
		};
		BB30D73F2AA36B73003D3F96 /* Presenter */ = {
			isa = PBXGroup;
			children = (
				BB1233C22AA4EEA4009E9BAC /* SearchPresenter.swift */,
			);
			path = Presenter;
			sourceTree = "<group>";
		};
		BB4C8B402AA0384500FECB04 = {
			isa = PBXGroup;
			children = (
				BBF19EE62AACDF8300454CD4 /* Packages */,
				BB4C8B4B2AA0384500FECB04 /* LubionGame */,
				BB4C8B4A2AA0384500FECB04 /* Products */,
				BBF19EED2AAE38FC00454CD4 /* Frameworks */,
			);
			sourceTree = "<group>";
		};
		BB4C8B4A2AA0384500FECB04 /* Products */ = {
			isa = PBXGroup;
			children = (
				BB4C8B492AA0384500FECB04 /* LubionGame.app */,
			);
			name = Products;
			sourceTree = "<group>";
		};
		BB4C8B4B2AA0384500FECB04 /* LubionGame */ = {
			isa = PBXGroup;
			children = (
				BB6776482AA4419F00B47475 /* Components */,
				BB30D7352AA3552F003D3F96 /* Info.plist */,
				BB4C8B5C2AA0399A00FECB04 /* Module */,
				BB4C8B5B2AA0399500FECB04 /* Core */,
				BB4C8B5A2AA0398F00FECB04 /* App */,
				BB4C8B502AA0384800FECB04 /* Assets.xcassets */,
				BB4C8B522AA0384800FECB04 /* Preview Content */,
			);
			path = LubionGame;
			sourceTree = "<group>";
		};
		BB4C8B522AA0384800FECB04 /* Preview Content */ = {
			isa = PBXGroup;
			children = (
				BB4C8B532AA0384800FECB04 /* Preview Assets.xcassets */,
			);
			path = "Preview Content";
			sourceTree = "<group>";
		};
		BB4C8B5A2AA0398F00FECB04 /* App */ = {
			isa = PBXGroup;
			children = (
				BB4C8B4C2AA0384500FECB04 /* LubionGameApp.swift */,
				BB4C8B4E2AA0384500FECB04 /* ContentView.swift */,
			);
			path = App;
			sourceTree = "<group>";
		};
		BB4C8B5B2AA0399500FECB04 /* Core */ = {
			isa = PBXGroup;
			children = (
				BB4C8B602AA039D000FECB04 /* Utils */,
				BB4C8B5F2AA039CC00FECB04 /* Domain */,
				BB4C8B5E2AA039C900FECB04 /* DI */,
				BB4C8B5D2AA039C500FECB04 /* Data */,
			);
			path = Core;
			sourceTree = "<group>";
		};
		BB4C8B5C2AA0399A00FECB04 /* Module */ = {
			isa = PBXGroup;
			children = (
				BB30D73C2AA36B65003D3F96 /* Search */,
				BB30D7362AA355AF003D3F96 /* SplashScreen */,
				BB30D72F2AA319A9003D3F96 /* About */,
				BB30D7222AA313B9003D3F96 /* Favorite */,
				BB30D6FF2AA1C2BA003D3F96 /* GameList */,
				BB4C8B622AA039F900FECB04 /* Detail */,
				BB4C8B612AA039F600FECB04 /* Home */,
			);
			path = Module;
			sourceTree = "<group>";
		};
		BB4C8B5D2AA039C500FECB04 /* Data */ = {
			isa = PBXGroup;
			children = (
				BB30D71A2AA2E0AE003D3F96 /* Local */,
				BB4C8B672AA03B5300FECB04 /* Remote */,
				BB4C8B722AA041E900FECB04 /* GameRepository.swift */,
			);
			path = Data;
			sourceTree = "<group>";
		};
		BB4C8B5E2AA039C900FECB04 /* DI */ = {
			isa = PBXGroup;
			children = (
				BB4C8B812AA04D9500FECB04 /* Injection.swift */,
			);
			path = DI;
			sourceTree = "<group>";
		};
		BB4C8B5F2AA039CC00FECB04 /* Domain */ = {
			isa = PBXGroup;
			children = (
				BB4C8B712AA03F6600FECB04 /* UseCase */,
				BB4C8B702AA03F5900FECB04 /* Model */,
			);
			path = Domain;
			sourceTree = "<group>";
		};
		BB4C8B602AA039D000FECB04 /* Utils */ = {
			isa = PBXGroup;
			children = (
				BB4C8B662AA03B2F00FECB04 /* Mapper */,
				BB4C8B632AA03A7C00FECB04 /* Extensions */,
			);
			path = Utils;
			sourceTree = "<group>";
		};
		BB4C8B612AA039F600FECB04 /* Home */ = {
			isa = PBXGroup;
			children = (
				BB4C8B7C2AA04BFE00FECB04 /* View */,
			);
			path = Home;
			sourceTree = "<group>";
		};
		BB4C8B622AA039F900FECB04 /* Detail */ = {
			isa = PBXGroup;
			children = (
				BB30D70A2AA23418003D3F96 /* Presenter */,
				BB30D7092AA23412003D3F96 /* View */,
			);
			path = Detail;
			sourceTree = "<group>";
		};
		BB4C8B632AA03A7C00FECB04 /* Extensions */ = {
			isa = PBXGroup;
			children = (
				BB4C8B642AA03AAA00FECB04 /* CustomException+Ext.swift */,
			);
			path = Extensions;
			sourceTree = "<group>";
		};
		BB4C8B662AA03B2F00FECB04 /* Mapper */ = {
			isa = PBXGroup;
			children = (
				BB4C8B742AA0420500FECB04 /* GameMapper.swift */,
			);
			path = Mapper;
			sourceTree = "<group>";
		};
		BB4C8B672AA03B5300FECB04 /* Remote */ = {
			isa = PBXGroup;
			children = (
				BB4C8B682AA03D1500FECB04 /* Response */,
				BB4C8B6B2AA03DEC00FECB04 /* RemoteDataSource.swift */,
			);
			path = Remote;
			sourceTree = "<group>";
		};
		BB4C8B682AA03D1500FECB04 /* Response */ = {
			isa = PBXGroup;
			children = (
				BB4C8B692AA03D2F00FECB04 /* GameListResponse.swift */,
				BB30D70F2AA23787003D3F96 /* GameDetailResponse.swift */,
			);
			path = Response;
			sourceTree = "<group>";
		};
		BB4C8B702AA03F5900FECB04 /* Model */ = {
			isa = PBXGroup;
			children = (
				BB4C8B762AA0423A00FECB04 /* GameListModel.swift */,
				BB30D7112AA23A21003D3F96 /* GameDetailModel.swift */,
				BB30D7202AA2F265003D3F96 /* GameTableModel.swift */,
			);
			path = Model;
			sourceTree = "<group>";
		};
		BB4C8B712AA03F6600FECB04 /* UseCase */ = {
			isa = PBXGroup;
			children = (
				BB4C8B782AA04B6900FECB04 /* HomeInteractor.swift */,
				BB30D7132AA23D72003D3F96 /* DetailInteractor.swift */,
				BB30D7282AA31532003D3F96 /* FavoriteInteractor.swift */,
				BB1233C42AA4EEBE009E9BAC /* SearchInteractor.swift */,
			);
			path = UseCase;
			sourceTree = "<group>";
		};
		BB4C8B7C2AA04BFE00FECB04 /* View */ = {
			isa = PBXGroup;
			children = (
				BB4C8B7D2AA04C0B00FECB04 /* HomeView.swift */,
			);
			path = View;
			sourceTree = "<group>";
		};
		BB6776482AA4419F00B47475 /* Components */ = {
			isa = PBXGroup;
			children = (
				BB6776492AA441B500B47475 /* LoadingView.swift */,
				BB67764C2AA442E200B47475 /* EmptyDataView.swift */,
			);
			path = Components;
			sourceTree = "<group>";
		};
		BB67764B2AA4420900B47475 /* Components */ = {
			isa = PBXGroup;
			children = (
				BBBAE1CB2AA188F000C65E0B /* TopSectionRowItem.swift */,
				BB30D7332AA35453003D3F96 /* CategorySectionRowItem.swift */,
				BB30D73A2AA35E44003D3F96 /* GameHeaderItem.swift */,
			);
			path = Components;
			sourceTree = "<group>";
		};
		BBF19EE62AACDF8300454CD4 /* Packages */ = {
			isa = PBXGroup;
			children = (
				BBF19EE72AACDF8300454CD4 /* Common */,
				BBF19EE82AACDFAD00454CD4 /* Search */,
				BBF19EE92AACDFFB00454CD4 /* GameList */,
				BBF19EEA2AACE00A00454CD4 /* Favorite */,
				BBF19EEB2AACE01500454CD4 /* Detail */,
				BBF19EEC2AACE11C00454CD4 /* Core */,
			);
			name = Packages;
			sourceTree = "<group>";
		};
		BBF19EED2AAE38FC00454CD4 /* Frameworks */ = {
			isa = PBXGroup;
			children = (
			);
			name = Frameworks;
			sourceTree = "<group>";
		};
/* End PBXGroup section */

/* Begin PBXNativeTarget section */
		BB4C8B482AA0384500FECB04 /* LubionGame */ = {
			isa = PBXNativeTarget;
			buildConfigurationList = BB4C8B572AA0384800FECB04 /* Build configuration list for PBXNativeTarget "LubionGame" */;
			buildPhases = (
				BB4C8B452AA0384500FECB04 /* Sources */,
				BB4C8B462AA0384500FECB04 /* Frameworks */,
				BB4C8B472AA0384500FECB04 /* Resources */,
			);
			buildRules = (
			);
			dependencies = (
			);
			name = LubionGame;
			packageProductDependencies = (
				BB4C8B6E2AA03E1B00FECB04 /* Alamofire */,
				BB30D7162AA2E053003D3F96 /* Realm */,
				BB30D7182AA2E053003D3F96 /* RealmSwift */,
				BBF19EEE2AAE38FC00454CD4 /* Common */,
				BBF19EF02AAE38FC00454CD4 /* Core */,
				BBF19EF22AAE38FC00454CD4 /* GameList */,
				BBE973382AAF7601005CCB96 /* Detail */,
			);
			productName = LubionGame;
			productReference = BB4C8B492AA0384500FECB04 /* LubionGame.app */;
			productType = "com.apple.product-type.application";
		};
/* End PBXNativeTarget section */

/* Begin PBXProject section */
		BB4C8B412AA0384500FECB04 /* Project object */ = {
			isa = PBXProject;
			attributes = {
				BuildIndependentTargetsInParallel = 1;
				LastSwiftUpdateCheck = 1430;
				LastUpgradeCheck = 1430;
				TargetAttributes = {
					BB4C8B482AA0384500FECB04 = {
						CreatedOnToolsVersion = 14.3.1;
					};
				};
			};
			buildConfigurationList = BB4C8B442AA0384500FECB04 /* Build configuration list for PBXProject "LubionGame" */;
			compatibilityVersion = "Xcode 14.0";
			developmentRegion = en;
			hasScannedForEncodings = 0;
			knownRegions = (
				en,
				Base,
			);
			mainGroup = BB4C8B402AA0384500FECB04;
			packageReferences = (
				BB4C8B6D2AA03E1B00FECB04 /* XCRemoteSwiftPackageReference "Alamofire" */,
				BB30D7152AA2E053003D3F96 /* XCRemoteSwiftPackageReference "realm-swift" */,
			);
			productRefGroup = BB4C8B4A2AA0384500FECB04 /* Products */;
			projectDirPath = "";
			projectRoot = "";
			targets = (
				BB4C8B482AA0384500FECB04 /* LubionGame */,
			);
		};
/* End PBXProject section */

/* Begin PBXResourcesBuildPhase section */
		BB4C8B472AA0384500FECB04 /* Resources */ = {
			isa = PBXResourcesBuildPhase;
			buildActionMask = 2147483647;
			files = (
				BB4C8B542AA0384800FECB04 /* Preview Assets.xcassets in Resources */,
				BB4C8B512AA0384800FECB04 /* Assets.xcassets in Resources */,
			);
			runOnlyForDeploymentPostprocessing = 0;
		};
/* End PBXResourcesBuildPhase section */

/* Begin PBXSourcesBuildPhase section */
		BB4C8B452AA0384500FECB04 /* Sources */ = {
			isa = PBXSourcesBuildPhase;
			buildActionMask = 2147483647;
			files = (
				BB30D7292AA31532003D3F96 /* FavoriteInteractor.swift in Sources */,
				BB30D73B2AA35E44003D3F96 /* GameHeaderItem.swift in Sources */,
				BB30D7342AA35453003D3F96 /* CategorySectionRowItem.swift in Sources */,
				BB4C8B4F2AA0384500FECB04 /* ContentView.swift in Sources */,
				BB4C8B6C2AA03DEC00FECB04 /* RemoteDataSource.swift in Sources */,
				BB30D7322AA319B8003D3F96 /* AboutView.swift in Sources */,
				BB30D7272AA31503003D3F96 /* FavoritePresenter.swift in Sources */,
				BB30D70C2AA23448003D3F96 /* DetailView.swift in Sources */,
				BB30D7042AA1C2F2003D3F96 /* GameListView.swift in Sources */,
				BB4C8B4D2AA0384500FECB04 /* LubionGameApp.swift in Sources */,
				BB4C8B7E2AA04C0B00FECB04 /* HomeView.swift in Sources */,
				BBBAE1CC2AA188F000C65E0B /* TopSectionRowItem.swift in Sources */,
				BB30D7082AA23404003D3F96 /* GameListRouter.swift in Sources */,
				BB30D71D2AA2E0C7003D3F96 /* LocalDataSource.swift in Sources */,
				BB1233C32AA4EEA4009E9BAC /* SearchPresenter.swift in Sources */,
				BB4C8B752AA0420500FECB04 /* GameMapper.swift in Sources */,
				BB4C8B732AA041E900FECB04 /* GameRepository.swift in Sources */,
				BB30D7392AA355C3003D3F96 /* SplashScreenView.swift in Sources */,
				BB30D7102AA23787003D3F96 /* GameDetailResponse.swift in Sources */,
				BB4C8B772AA0423A00FECB04 /* GameListModel.swift in Sources */,
				BB30D70E2AA2346C003D3F96 /* DetailPresenter.swift in Sources */,
				BB1233C92AA4FDE9009E9BAC /* SearchRouter.swift in Sources */,
				BB30D72D2AA31707003D3F96 /* FavoriteView.swift in Sources */,
				BB4C8B792AA04B6900FECB04 /* HomeInteractor.swift in Sources */,
				BB30D7122AA23A21003D3F96 /* GameDetailModel.swift in Sources */,
				BB4C8B6A2AA03D2F00FECB04 /* GameListResponse.swift in Sources */,
				BB67764D2AA442E200B47475 /* EmptyDataView.swift in Sources */,
				BB4C8B822AA04D9500FECB04 /* Injection.swift in Sources */,
				BB30D7212AA2F265003D3F96 /* GameTableModel.swift in Sources */,
				BB1233C72AA4F24B009E9BAC /* SearchView.swift in Sources */,
				BB4C8B652AA03AAA00FECB04 /* CustomException+Ext.swift in Sources */,
				BB30D7142AA23D72003D3F96 /* DetailInteractor.swift in Sources */,
				BB30D72B2AA316E2003D3F96 /* FavoriteRouter.swift in Sources */,
				BB30D7062AA1C308003D3F96 /* GameListPresenter.swift in Sources */,
				BB67764A2AA441B500B47475 /* LoadingView.swift in Sources */,
				BB30D71F2AA2E15C003D3F96 /* GameEntity.swift in Sources */,
				BB1233C52AA4EEBE009E9BAC /* SearchInteractor.swift in Sources */,
			);
			runOnlyForDeploymentPostprocessing = 0;
		};
/* End PBXSourcesBuildPhase section */

/* Begin XCBuildConfiguration section */
		BB4C8B552AA0384800FECB04 /* Debug */ = {
			isa = XCBuildConfiguration;
			buildSettings = {
				ALWAYS_SEARCH_USER_PATHS = NO;
				CLANG_ANALYZER_NONNULL = YES;
				CLANG_ANALYZER_NUMBER_OBJECT_CONVERSION = YES_AGGRESSIVE;
				CLANG_CXX_LANGUAGE_STANDARD = "gnu++20";
				CLANG_ENABLE_MODULES = YES;
				CLANG_ENABLE_OBJC_ARC = YES;
				CLANG_ENABLE_OBJC_WEAK = YES;
				CLANG_WARN_BLOCK_CAPTURE_AUTORELEASING = YES;
				CLANG_WARN_BOOL_CONVERSION = YES;
				CLANG_WARN_COMMA = YES;
				CLANG_WARN_CONSTANT_CONVERSION = YES;
				CLANG_WARN_DEPRECATED_OBJC_IMPLEMENTATIONS = YES;
				CLANG_WARN_DIRECT_OBJC_ISA_USAGE = YES_ERROR;
				CLANG_WARN_DOCUMENTATION_COMMENTS = YES;
				CLANG_WARN_EMPTY_BODY = YES;
				CLANG_WARN_ENUM_CONVERSION = YES;
				CLANG_WARN_INFINITE_RECURSION = YES;
				CLANG_WARN_INT_CONVERSION = YES;
				CLANG_WARN_NON_LITERAL_NULL_CONVERSION = YES;
				CLANG_WARN_OBJC_IMPLICIT_RETAIN_SELF = YES;
				CLANG_WARN_OBJC_LITERAL_CONVERSION = YES;
				CLANG_WARN_OBJC_ROOT_CLASS = YES_ERROR;
				CLANG_WARN_QUOTED_INCLUDE_IN_FRAMEWORK_HEADER = YES;
				CLANG_WARN_RANGE_LOOP_ANALYSIS = YES;
				CLANG_WARN_STRICT_PROTOTYPES = YES;
				CLANG_WARN_SUSPICIOUS_MOVE = YES;
				CLANG_WARN_UNGUARDED_AVAILABILITY = YES_AGGRESSIVE;
				CLANG_WARN_UNREACHABLE_CODE = YES;
				CLANG_WARN__DUPLICATE_METHOD_MATCH = YES;
				COPY_PHASE_STRIP = NO;
				DEBUG_INFORMATION_FORMAT = dwarf;
				ENABLE_STRICT_OBJC_MSGSEND = YES;
				ENABLE_TESTABILITY = YES;
				GCC_C_LANGUAGE_STANDARD = gnu11;
				GCC_DYNAMIC_NO_PIC = NO;
				GCC_NO_COMMON_BLOCKS = YES;
				GCC_OPTIMIZATION_LEVEL = 0;
				GCC_PREPROCESSOR_DEFINITIONS = (
					"DEBUG=1",
					"$(inherited)",
				);
				GCC_WARN_64_TO_32_BIT_CONVERSION = YES;
				GCC_WARN_ABOUT_RETURN_TYPE = YES_ERROR;
				GCC_WARN_UNDECLARED_SELECTOR = YES;
				GCC_WARN_UNINITIALIZED_AUTOS = YES_AGGRESSIVE;
				GCC_WARN_UNUSED_FUNCTION = YES;
				GCC_WARN_UNUSED_VARIABLE = YES;
				IPHONEOS_DEPLOYMENT_TARGET = 16.4;
				MTL_ENABLE_DEBUG_INFO = INCLUDE_SOURCE;
				MTL_FAST_MATH = YES;
				ONLY_ACTIVE_ARCH = YES;
				SDKROOT = iphoneos;
				SWIFT_ACTIVE_COMPILATION_CONDITIONS = DEBUG;
				SWIFT_OPTIMIZATION_LEVEL = "-Onone";
			};
			name = Debug;
		};
		BB4C8B562AA0384800FECB04 /* Release */ = {
			isa = XCBuildConfiguration;
			buildSettings = {
				ALWAYS_SEARCH_USER_PATHS = NO;
				CLANG_ANALYZER_NONNULL = YES;
				CLANG_ANALYZER_NUMBER_OBJECT_CONVERSION = YES_AGGRESSIVE;
				CLANG_CXX_LANGUAGE_STANDARD = "gnu++20";
				CLANG_ENABLE_MODULES = YES;
				CLANG_ENABLE_OBJC_ARC = YES;
				CLANG_ENABLE_OBJC_WEAK = YES;
				CLANG_WARN_BLOCK_CAPTURE_AUTORELEASING = YES;
				CLANG_WARN_BOOL_CONVERSION = YES;
				CLANG_WARN_COMMA = YES;
				CLANG_WARN_CONSTANT_CONVERSION = YES;
				CLANG_WARN_DEPRECATED_OBJC_IMPLEMENTATIONS = YES;
				CLANG_WARN_DIRECT_OBJC_ISA_USAGE = YES_ERROR;
				CLANG_WARN_DOCUMENTATION_COMMENTS = YES;
				CLANG_WARN_EMPTY_BODY = YES;
				CLANG_WARN_ENUM_CONVERSION = YES;
				CLANG_WARN_INFINITE_RECURSION = YES;
				CLANG_WARN_INT_CONVERSION = YES;
				CLANG_WARN_NON_LITERAL_NULL_CONVERSION = YES;
				CLANG_WARN_OBJC_IMPLICIT_RETAIN_SELF = YES;
				CLANG_WARN_OBJC_LITERAL_CONVERSION = YES;
				CLANG_WARN_OBJC_ROOT_CLASS = YES_ERROR;
				CLANG_WARN_QUOTED_INCLUDE_IN_FRAMEWORK_HEADER = YES;
				CLANG_WARN_RANGE_LOOP_ANALYSIS = YES;
				CLANG_WARN_STRICT_PROTOTYPES = YES;
				CLANG_WARN_SUSPICIOUS_MOVE = YES;
				CLANG_WARN_UNGUARDED_AVAILABILITY = YES_AGGRESSIVE;
				CLANG_WARN_UNREACHABLE_CODE = YES;
				CLANG_WARN__DUPLICATE_METHOD_MATCH = YES;
				COPY_PHASE_STRIP = NO;
				DEBUG_INFORMATION_FORMAT = "dwarf-with-dsym";
				ENABLE_NS_ASSERTIONS = NO;
				ENABLE_STRICT_OBJC_MSGSEND = YES;
				GCC_C_LANGUAGE_STANDARD = gnu11;
				GCC_NO_COMMON_BLOCKS = YES;
				GCC_WARN_64_TO_32_BIT_CONVERSION = YES;
				GCC_WARN_ABOUT_RETURN_TYPE = YES_ERROR;
				GCC_WARN_UNDECLARED_SELECTOR = YES;
				GCC_WARN_UNINITIALIZED_AUTOS = YES_AGGRESSIVE;
				GCC_WARN_UNUSED_FUNCTION = YES;
				GCC_WARN_UNUSED_VARIABLE = YES;
				IPHONEOS_DEPLOYMENT_TARGET = 16.4;
				MTL_ENABLE_DEBUG_INFO = NO;
				MTL_FAST_MATH = YES;
				SDKROOT = iphoneos;
				SWIFT_COMPILATION_MODE = wholemodule;
				SWIFT_OPTIMIZATION_LEVEL = "-O";
				VALIDATE_PRODUCT = YES;
			};
			name = Release;
		};
		BB4C8B582AA0384800FECB04 /* Debug */ = {
			isa = XCBuildConfiguration;
			buildSettings = {
				ASSETCATALOG_COMPILER_APPICON_NAME = AppIcon;
				ASSETCATALOG_COMPILER_GLOBAL_ACCENT_COLOR_NAME = AccentColor;
				CODE_SIGN_STYLE = Automatic;
				CURRENT_PROJECT_VERSION = 1;
				DEVELOPMENT_ASSET_PATHS = "\"LubionGame/Preview Content\"";
				ENABLE_PREVIEWS = YES;
				GENERATE_INFOPLIST_FILE = YES;
				INFOPLIST_FILE = LubionGame/Info.plist;
				INFOPLIST_KEY_UIApplicationSceneManifest_Generation = YES;
				INFOPLIST_KEY_UIApplicationSupportsIndirectInputEvents = YES;
				INFOPLIST_KEY_UILaunchScreen_Generation = YES;
				INFOPLIST_KEY_UISupportedInterfaceOrientations_iPad = "UIInterfaceOrientationPortrait UIInterfaceOrientationPortraitUpsideDown UIInterfaceOrientationLandscapeLeft UIInterfaceOrientationLandscapeRight";
				INFOPLIST_KEY_UISupportedInterfaceOrientations_iPhone = "UIInterfaceOrientationPortrait UIInterfaceOrientationLandscapeLeft UIInterfaceOrientationLandscapeRight";
				LD_RUNPATH_SEARCH_PATHS = (
					"$(inherited)",
					"@executable_path/Frameworks",
				);
				MARKETING_VERSION = 1.0;
				PRODUCT_BUNDLE_IDENTIFIER = com.jordju.LubionGame;
				PRODUCT_NAME = "$(TARGET_NAME)";
				SWIFT_EMIT_LOC_STRINGS = YES;
				SWIFT_VERSION = 5.0;
				TARGETED_DEVICE_FAMILY = "1,2";
			};
			name = Debug;
		};
		BB4C8B592AA0384800FECB04 /* Release */ = {
			isa = XCBuildConfiguration;
			buildSettings = {
				ASSETCATALOG_COMPILER_APPICON_NAME = AppIcon;
				ASSETCATALOG_COMPILER_GLOBAL_ACCENT_COLOR_NAME = AccentColor;
				CODE_SIGN_STYLE = Automatic;
				CURRENT_PROJECT_VERSION = 1;
				DEVELOPMENT_ASSET_PATHS = "\"LubionGame/Preview Content\"";
				ENABLE_PREVIEWS = YES;
				GENERATE_INFOPLIST_FILE = YES;
				INFOPLIST_FILE = LubionGame/Info.plist;
				INFOPLIST_KEY_UIApplicationSceneManifest_Generation = YES;
				INFOPLIST_KEY_UIApplicationSupportsIndirectInputEvents = YES;
				INFOPLIST_KEY_UILaunchScreen_Generation = YES;
				INFOPLIST_KEY_UISupportedInterfaceOrientations_iPad = "UIInterfaceOrientationPortrait UIInterfaceOrientationPortraitUpsideDown UIInterfaceOrientationLandscapeLeft UIInterfaceOrientationLandscapeRight";
				INFOPLIST_KEY_UISupportedInterfaceOrientations_iPhone = "UIInterfaceOrientationPortrait UIInterfaceOrientationLandscapeLeft UIInterfaceOrientationLandscapeRight";
				LD_RUNPATH_SEARCH_PATHS = (
					"$(inherited)",
					"@executable_path/Frameworks",
				);
				MARKETING_VERSION = 1.0;
				PRODUCT_BUNDLE_IDENTIFIER = com.jordju.LubionGame;
				PRODUCT_NAME = "$(TARGET_NAME)";
				SWIFT_EMIT_LOC_STRINGS = YES;
				SWIFT_VERSION = 5.0;
				TARGETED_DEVICE_FAMILY = "1,2";
			};
			name = Release;
		};
/* End XCBuildConfiguration section */

/* Begin XCConfigurationList section */
		BB4C8B442AA0384500FECB04 /* Build configuration list for PBXProject "LubionGame" */ = {
			isa = XCConfigurationList;
			buildConfigurations = (
				BB4C8B552AA0384800FECB04 /* Debug */,
				BB4C8B562AA0384800FECB04 /* Release */,
			);
			defaultConfigurationIsVisible = 0;
			defaultConfigurationName = Release;
		};
		BB4C8B572AA0384800FECB04 /* Build configuration list for PBXNativeTarget "LubionGame" */ = {
			isa = XCConfigurationList;
			buildConfigurations = (
				BB4C8B582AA0384800FECB04 /* Debug */,
				BB4C8B592AA0384800FECB04 /* Release */,
			);
			defaultConfigurationIsVisible = 0;
			defaultConfigurationName = Release;
		};
/* End XCConfigurationList section */

/* Begin XCRemoteSwiftPackageReference section */
		BB30D7152AA2E053003D3F96 /* XCRemoteSwiftPackageReference "realm-swift" */ = {
			isa = XCRemoteSwiftPackageReference;
			repositoryURL = "https://github.com/realm/realm-swift";
			requirement = {
				branch = master;
				kind = branch;
			};
		};
		BB4C8B6D2AA03E1B00FECB04 /* XCRemoteSwiftPackageReference "Alamofire" */ = {
			isa = XCRemoteSwiftPackageReference;
			repositoryURL = "https://github.com/Alamofire/Alamofire";
			requirement = {
				kind = upToNextMajorVersion;
				minimumVersion = 5.0.0;
			};
		};
/* End XCRemoteSwiftPackageReference section */

/* Begin XCSwiftPackageProductDependency section */
		BB30D7162AA2E053003D3F96 /* Realm */ = {
			isa = XCSwiftPackageProductDependency;
			package = BB30D7152AA2E053003D3F96 /* XCRemoteSwiftPackageReference "realm-swift" */;
			productName = Realm;
		};
		BB30D7182AA2E053003D3F96 /* RealmSwift */ = {
			isa = XCSwiftPackageProductDependency;
			package = BB30D7152AA2E053003D3F96 /* XCRemoteSwiftPackageReference "realm-swift" */;
			productName = RealmSwift;
		};
		BB4C8B6E2AA03E1B00FECB04 /* Alamofire */ = {
			isa = XCSwiftPackageProductDependency;
			package = BB4C8B6D2AA03E1B00FECB04 /* XCRemoteSwiftPackageReference "Alamofire" */;
			productName = Alamofire;
		};
		BBE973382AAF7601005CCB96 /* Detail */ = {
			isa = XCSwiftPackageProductDependency;
			productName = Detail;
		};
		BBF19EEE2AAE38FC00454CD4 /* Common */ = {
			isa = XCSwiftPackageProductDependency;
			productName = Common;
		};
		BBF19EF02AAE38FC00454CD4 /* Core */ = {
			isa = XCSwiftPackageProductDependency;
			productName = Core;
		};
		BBF19EF22AAE38FC00454CD4 /* GameList */ = {
			isa = XCSwiftPackageProductDependency;
			productName = GameList;
		};
/* End XCSwiftPackageProductDependency section */
	};
	rootObject = BB4C8B412AA0384500FECB04 /* Project object */;
}
